// !$*UTF8*$!
{
	archiveVersion = 1;
	classes = {
	};
	objectVersion = 56;
	objects = {

/* Begin PBXBuildFile section */
		194CC1472C67FAB70086442F /* Home.swift in Sources */ = {isa = PBXBuildFile; fileRef = 194CC1462C67FAB70086442F /* Home.swift */; };
		194CC14A2C67FAF20086442F /* View+Extensions.swift in Sources */ = {isa = PBXBuildFile; fileRef = 194CC1482C67FAF20086442F /* View+Extensions.swift */; };
		194CC14C2C6800620086442F /* ProductCard.swift in Sources */ = {isa = PBXBuildFile; fileRef = 194CC14B2C6800620086442F /* ProductCard.swift */; };
		194CC14E2C68007B0086442F /* ProductsGridView.swift in Sources */ = {isa = PBXBuildFile; fileRef = 194CC14D2C68007B0086442F /* ProductsGridView.swift */; };
		194CC1512C6800AC0086442F /* Category.swift in Sources */ = {isa = PBXBuildFile; fileRef = 194CC1502C6800AC0086442F /* Category.swift */; };
		194CC1532C6800BD0086442F /* Item.swift in Sources */ = {isa = PBXBuildFile; fileRef = 194CC1522C6800BD0086442F /* Item.swift */; };
		194CC1562C68125A0086442F /* Experiment.swift in Sources */ = {isa = PBXBuildFile; fileRef = 194CC1552C68125A0086442F /* Experiment.swift */; };
		1953889A2C64A0CC00DD58FB /* BlinkIt_AssignmnetApp.swift in Sources */ = {isa = PBXBuildFile; fileRef = 195388992C64A0CC00DD58FB /* BlinkIt_AssignmnetApp.swift */; };
		1953889E2C64A0CD00DD58FB /* Assets.xcassets in Resources */ = {isa = PBXBuildFile; fileRef = 1953889D2C64A0CD00DD58FB /* Assets.xcassets */; };
		195388A12C64A0CD00DD58FB /* Preview Assets.xcassets in Resources */ = {isa = PBXBuildFile; fileRef = 195388A02C64A0CD00DD58FB /* Preview Assets.xcassets */; };
/* End PBXBuildFile section */

/* Begin PBXFileReference section */
		194CC1462C67FAB70086442F /* Home.swift */ = {isa = PBXFileReference; lastKnownFileType = sourcecode.swift; path = Home.swift; sourceTree = "<group>"; };
		194CC1482C67FAF20086442F /* View+Extensions.swift */ = {isa = PBXFileReference; fileEncoding = 4; lastKnownFileType = sourcecode.swift; path = "View+Extensions.swift"; sourceTree = "<group>"; };
		194CC14B2C6800620086442F /* ProductCard.swift */ = {isa = PBXFileReference; lastKnownFileType = sourcecode.swift; path = ProductCard.swift; sourceTree = "<group>"; };
		194CC14D2C68007B0086442F /* ProductsGridView.swift */ = {isa = PBXFileReference; lastKnownFileType = sourcecode.swift; path = ProductsGridView.swift; sourceTree = "<group>"; };
		194CC1502C6800AC0086442F /* Category.swift */ = {isa = PBXFileReference; lastKnownFileType = sourcecode.swift; path = Category.swift; sourceTree = "<group>"; };
		194CC1522C6800BD0086442F /* Item.swift */ = {isa = PBXFileReference; lastKnownFileType = sourcecode.swift; path = Item.swift; sourceTree = "<group>"; };
		194CC1552C68125A0086442F /* Experiment.swift */ = {isa = PBXFileReference; lastKnownFileType = sourcecode.swift; path = Experiment.swift; sourceTree = "<group>"; };
		195388962C64A0CC00DD58FB /* BlinkIt-Assignmnet.app */ = {isa = PBXFileReference; explicitFileType = wrapper.application; includeInIndex = 0; path = "BlinkIt-Assignmnet.app"; sourceTree = BUILT_PRODUCTS_DIR; };
		195388992C64A0CC00DD58FB /* BlinkIt_AssignmnetApp.swift */ = {isa = PBXFileReference; lastKnownFileType = sourcecode.swift; path = BlinkIt_AssignmnetApp.swift; sourceTree = "<group>"; };
		1953889D2C64A0CD00DD58FB /* Assets.xcassets */ = {isa = PBXFileReference; lastKnownFileType = folder.assetcatalog; path = Assets.xcassets; sourceTree = "<group>"; };
		195388A02C64A0CD00DD58FB /* Preview Assets.xcassets */ = {isa = PBXFileReference; lastKnownFileType = folder.assetcatalog; path = "Preview Assets.xcassets"; sourceTree = "<group>"; };
/* End PBXFileReference section */

/* Begin PBXFrameworksBuildPhase section */
		195388932C64A0CC00DD58FB /* Frameworks */ = {
			isa = PBXFrameworksBuildPhase;
			buildActionMask = 2147483647;
			files = (
			);
			runOnlyForDeploymentPostprocessing = 0;
		};
/* End PBXFrameworksBuildPhase section */

/* Begin PBXGroup section */
		194CC1492C67FAF20086442F /* Helpers */ = {
			isa = PBXGroup;
			children = (
				194CC1482C67FAF20086442F /* View+Extensions.swift */,
			);
			path = Helpers;
			sourceTree = "<group>";
		};
		194CC14F2C68009E0086442F /* Models */ = {
			isa = PBXGroup;
			children = (
				194CC1502C6800AC0086442F /* Category.swift */,
				194CC1522C6800BD0086442F /* Item.swift */,
			);
			path = Models;
			sourceTree = "<group>";
		};
		194CC1542C6800CD0086442F /* View */ = {
			isa = PBXGroup;
			children = (
				194CC1462C67FAB70086442F /* Home.swift */,
				194CC14B2C6800620086442F /* ProductCard.swift */,
				194CC14D2C68007B0086442F /* ProductsGridView.swift */,
			);
			path = View;
			sourceTree = "<group>";
		};
		1953888D2C64A0CC00DD58FB = {
			isa = PBXGroup;
			children = (
				195388982C64A0CC00DD58FB /* BlinkIt-Assignmnet */,
				195388972C64A0CC00DD58FB /* Products */,
			);
			sourceTree = "<group>";
		};
		195388972C64A0CC00DD58FB /* Products */ = {
			isa = PBXGroup;
			children = (
				195388962C64A0CC00DD58FB /* BlinkIt-Assignmnet.app */,
			);
			name = Products;
			sourceTree = "<group>";
		};
		195388982C64A0CC00DD58FB /* BlinkIt-Assignmnet */ = {
			isa = PBXGroup;
			children = (
				195388992C64A0CC00DD58FB /* BlinkIt_AssignmnetApp.swift */,
				194CC1552C68125A0086442F /* Experiment.swift */,
				194CC1492C67FAF20086442F /* Helpers */,
				194CC1542C6800CD0086442F /* View */,
				194CC14F2C68009E0086442F /* Models */,
				1953889D2C64A0CD00DD58FB /* Assets.xcassets */,
				1953889F2C64A0CD00DD58FB /* Preview Content */,
			);
			path = "BlinkIt-Assignmnet";
			sourceTree = "<group>";
		};
		1953889F2C64A0CD00DD58FB /* Preview Content */ = {
			isa = PBXGroup;
			children = (
				195388A02C64A0CD00DD58FB /* Preview Assets.xcassets */,
			);
			path = "Preview Content";
			sourceTree = "<group>";
		};
/* End PBXGroup section */

/* Begin PBXNativeTarget section */
		195388952C64A0CC00DD58FB /* BlinkIt-Assignmnet */ = {
			isa = PBXNativeTarget;
			buildConfigurationList = 195388A42C64A0CD00DD58FB /* Build configuration list for PBXNativeTarget "BlinkIt-Assignmnet" */;
			buildPhases = (
				195388922C64A0CC00DD58FB /* Sources */,
				195388932C64A0CC00DD58FB /* Frameworks */,
				195388942C64A0CC00DD58FB /* Resources */,
			);
			buildRules = (
			);
			dependencies = (
			);
			name = "BlinkIt-Assignmnet";
			productName = "BlinkIt-Assignmnet";
			productReference = 195388962C64A0CC00DD58FB /* BlinkIt-Assignmnet.app */;
			productType = "com.apple.product-type.application";
		};
/* End PBXNativeTarget section */

/* Begin PBXProject section */
		1953888E2C64A0CC00DD58FB /* Project object */ = {
			isa = PBXProject;
			attributes = {
				BuildIndependentTargetsInParallel = 1;
				LastSwiftUpdateCheck = 1540;
				LastUpgradeCheck = 1540;
				TargetAttributes = {
					195388952C64A0CC00DD58FB = {
						CreatedOnToolsVersion = 15.4;
					};
				};
			};
			buildConfigurationList = 195388912C64A0CC00DD58FB /* Build configuration list for PBXProject "BlinkIt-Assignmnet" */;
			compatibilityVersion = "Xcode 14.0";
			developmentRegion = en;
			hasScannedForEncodings = 0;
			knownRegions = (
				en,
				Base,
			);
			mainGroup = 1953888D2C64A0CC00DD58FB;
			productRefGroup = 195388972C64A0CC00DD58FB /* Products */;
			projectDirPath = "";
			projectRoot = "";
			targets = (
				195388952C64A0CC00DD58FB /* BlinkIt-Assignmnet */,
			);
		};
/* End PBXProject section */

/* Begin PBXResourcesBuildPhase section */
		195388942C64A0CC00DD58FB /* Resources */ = {
			isa = PBXResourcesBuildPhase;
			buildActionMask = 2147483647;
			files = (
				195388A12C64A0CD00DD58FB /* Preview Assets.xcassets in Resources */,
				1953889E2C64A0CD00DD58FB /* Assets.xcassets in Resources */,
			);
			runOnlyForDeploymentPostprocessing = 0;
		};
/* End PBXResourcesBuildPhase section */

/* Begin PBXSourcesBuildPhase section */
		195388922C64A0CC00DD58FB /* Sources */ = {
			isa = PBXSourcesBuildPhase;
			buildActionMask = 2147483647;
			files = (
				194CC1472C67FAB70086442F /* Home.swift in Sources */,
				194CC14A2C67FAF20086442F /* View+Extensions.swift in Sources */,
				1953889A2C64A0CC00DD58FB /* BlinkIt_AssignmnetApp.swift in Sources */,
				194CC14C2C6800620086442F /* ProductCard.swift in Sources */,
				194CC1562C68125A0086442F /* Experiment.swift in Sources */,
				194CC1532C6800BD0086442F /* Item.swift in Sources */,
				194CC14E2C68007B0086442F /* ProductsGridView.swift in Sources */,
				194CC1512C6800AC0086442F /* Category.swift in Sources */,
			);
			runOnlyForDeploymentPostprocessing = 0;
		};
/* End PBXSourcesBuildPhase section */

/* Begin XCBuildConfiguration section */
		195388A22C64A0CD00DD58FB /* Debug */ = {
			isa = XCBuildConfiguration;
			buildSettings = {
				ALWAYS_SEARCH_USER_PATHS = NO;
				ASSETCATALOG_COMPILER_GENERATE_SWIFT_ASSET_SYMBOL_EXTENSIONS = YES;
				CLANG_ANALYZER_NONNULL = YES;
				CLANG_ANALYZER_NUMBER_OBJECT_CONVERSION = YES_AGGRESSIVE;
				CLANG_CXX_LANGUAGE_STANDARD = "gnu++20";
				CLANG_ENABLE_MODULES = YES;
				CLANG_ENABLE_OBJC_ARC = YES;
				CLANG_ENABLE_OBJC_WEAK = YES;
				CLANG_WARN_BLOCK_CAPTURE_AUTORELEASING = YES;
				CLANG_WARN_BOOL_CONVERSION = YES;
				CLANG_WARN_COMMA = YES;
				CLANG_WARN_CONSTANT_CONVERSION = YES;
				CLANG_WARN_DEPRECATED_OBJC_IMPLEMENTATIONS = YES;
				CLANG_WARN_DIRECT_OBJC_ISA_USAGE = YES_ERROR;
				CLANG_WARN_DOCUMENTATION_COMMENTS = YES;
				CLANG_WARN_EMPTY_BODY = YES;
				CLANG_WARN_ENUM_CONVERSION = YES;
				CLANG_WARN_INFINITE_RECURSION = YES;
				CLANG_WARN_INT_CONVERSION = YES;
				CLANG_WARN_NON_LITERAL_NULL_CONVERSION = YES;
				CLANG_WARN_OBJC_IMPLICIT_RETAIN_SELF = YES;
				CLANG_WARN_OBJC_LITERAL_CONVERSION = YES;
				CLANG_WARN_OBJC_ROOT_CLASS = YES_ERROR;
				CLANG_WARN_QUOTED_INCLUDE_IN_FRAMEWORK_HEADER = YES;
				CLANG_WARN_RANGE_LOOP_ANALYSIS = YES;
				CLANG_WARN_STRICT_PROTOTYPES = YES;
				CLANG_WARN_SUSPICIOUS_MOVE = YES;
				CLANG_WARN_UNGUARDED_AVAILABILITY = YES_AGGRESSIVE;
				CLANG_WARN_UNREACHABLE_CODE = YES;
				CLANG_WARN__DUPLICATE_METHOD_MATCH = YES;
				COPY_PHASE_STRIP = NO;
				DEBUG_INFORMATION_FORMAT = dwarf;
				ENABLE_STRICT_OBJC_MSGSEND = YES;
				ENABLE_TESTABILITY = YES;
				ENABLE_USER_SCRIPT_SANDBOXING = YES;
				GCC_C_LANGUAGE_STANDARD = gnu17;
				GCC_DYNAMIC_NO_PIC = NO;
				GCC_NO_COMMON_BLOCKS = YES;
				GCC_OPTIMIZATION_LEVEL = 0;
				GCC_PREPROCESSOR_DEFINITIONS = (
					"DEBUG=1",
					"$(inherited)",
				);
				GCC_WARN_64_TO_32_BIT_CONVERSION = YES;
				GCC_WARN_ABOUT_RETURN_TYPE = YES_ERROR;
				GCC_WARN_UNDECLARED_SELECTOR = YES;
				GCC_WARN_UNINITIALIZED_AUTOS = YES_AGGRESSIVE;
				GCC_WARN_UNUSED_FUNCTION = YES;
				GCC_WARN_UNUSED_VARIABLE = YES;
				IPHONEOS_DEPLOYMENT_TARGET = 17.5;
				LOCALIZATION_PREFERS_STRING_CATALOGS = YES;
				MTL_ENABLE_DEBUG_INFO = INCLUDE_SOURCE;
				MTL_FAST_MATH = YES;
				ONLY_ACTIVE_ARCH = YES;
				SDKROOT = iphoneos;
				SWIFT_ACTIVE_COMPILATION_CONDITIONS = "DEBUG $(inherited)";
				SWIFT_OPTIMIZATION_LEVEL = "-Onone";
			};
			name = Debug;
		};
		195388A32C64A0CD00DD58FB /* Release */ = {
			isa = XCBuildConfiguration;
			buildSettings = {
				ALWAYS_SEARCH_USER_PATHS = NO;
				ASSETCATALOG_COMPILER_GENERATE_SWIFT_ASSET_SYMBOL_EXTENSIONS = YES;
				CLANG_ANALYZER_NONNULL = YES;
				CLANG_ANALYZER_NUMBER_OBJECT_CONVERSION = YES_AGGRESSIVE;
				CLANG_CXX_LANGUAGE_STANDARD = "gnu++20";
				CLANG_ENABLE_MODULES = YES;
				CLANG_ENABLE_OBJC_ARC = YES;
				CLANG_ENABLE_OBJC_WEAK = YES;
				CLANG_WARN_BLOCK_CAPTURE_AUTORELEASING = YES;
				CLANG_WARN_BOOL_CONVERSION = YES;
				CLANG_WARN_COMMA = YES;
				CLANG_WARN_CONSTANT_CONVERSION = YES;
				CLANG_WARN_DEPRECATED_OBJC_IMPLEMENTATIONS = YES;
				CLANG_WARN_DIRECT_OBJC_ISA_USAGE = YES_ERROR;
				CLANG_WARN_DOCUMENTATION_COMMENTS = YES;
				CLANG_WARN_EMPTY_BODY = YES;
				CLANG_WARN_ENUM_CONVERSION = YES;
				CLANG_WARN_INFINITE_RECURSION = YES;
				CLANG_WARN_INT_CONVERSION = YES;
				CLANG_WARN_NON_LITERAL_NULL_CONVERSION = YES;
				CLANG_WARN_OBJC_IMPLICIT_RETAIN_SELF = YES;
				CLANG_WARN_OBJC_LITERAL_CONVERSION = YES;
				CLANG_WARN_OBJC_ROOT_CLASS = YES_ERROR;
				CLANG_WARN_QUOTED_INCLUDE_IN_FRAMEWORK_HEADER = YES;
				CLANG_WARN_RANGE_LOOP_ANALYSIS = YES;
				CLANG_WARN_STRICT_PROTOTYPES = YES;
				CLANG_WARN_SUSPICIOUS_MOVE = YES;
				CLANG_WARN_UNGUARDED_AVAILABILITY = YES_AGGRESSIVE;
				CLANG_WARN_UNREACHABLE_CODE = YES;
				CLANG_WARN__DUPLICATE_METHOD_MATCH = YES;
				COPY_PHASE_STRIP = NO;
				DEBUG_INFORMATION_FORMAT = "dwarf-with-dsym";
				ENABLE_NS_ASSERTIONS = NO;
				ENABLE_STRICT_OBJC_MSGSEND = YES;
				ENABLE_USER_SCRIPT_SANDBOXING = YES;
				GCC_C_LANGUAGE_STANDARD = gnu17;
				GCC_NO_COMMON_BLOCKS = YES;
				GCC_WARN_64_TO_32_BIT_CONVERSION = YES;
				GCC_WARN_ABOUT_RETURN_TYPE = YES_ERROR;
				GCC_WARN_UNDECLARED_SELECTOR = YES;
				GCC_WARN_UNINITIALIZED_AUTOS = YES_AGGRESSIVE;
				GCC_WARN_UNUSED_FUNCTION = YES;
				GCC_WARN_UNUSED_VARIABLE = YES;
				IPHONEOS_DEPLOYMENT_TARGET = 17.5;
				LOCALIZATION_PREFERS_STRING_CATALOGS = YES;
				MTL_ENABLE_DEBUG_INFO = NO;
				MTL_FAST_MATH = YES;
				SDKROOT = iphoneos;
				SWIFT_COMPILATION_MODE = wholemodule;
				VALIDATE_PRODUCT = YES;
			};
			name = Release;
		};
		195388A52C64A0CD00DD58FB /* Debug */ = {
			isa = XCBuildConfiguration;
			buildSettings = {
				ASSETCATALOG_COMPILER_APPICON_NAME = AppIcon;
				ASSETCATALOG_COMPILER_GLOBAL_ACCENT_COLOR_NAME = AccentColor;
				CODE_SIGN_STYLE = Automatic;
				CURRENT_PROJECT_VERSION = 1;
				DEVELOPMENT_ASSET_PATHS = "\"BlinkIt-Assignmnet/Preview Content\"";
				DEVELOPMENT_TEAM = YY38H52DZ8;
				ENABLE_PREVIEWS = YES;
				GENERATE_INFOPLIST_FILE = YES;
				INFOPLIST_KEY_UIApplicationSceneManifest_Generation = YES;
				INFOPLIST_KEY_UIApplicationSupportsIndirectInputEvents = YES;
				INFOPLIST_KEY_UILaunchScreen_Generation = YES;
				INFOPLIST_KEY_UISupportedInterfaceOrientations_iPad = "UIInterfaceOrientationPortrait UIInterfaceOrientationPortraitUpsideDown UIInterfaceOrientationLandscapeLeft UIInterfaceOrientationLandscapeRight";
				INFOPLIST_KEY_UISupportedInterfaceOrientations_iPhone = "UIInterfaceOrientationPortrait UIInterfaceOrientationLandscapeLeft UIInterfaceOrientationLandscapeRight";
				LD_RUNPATH_SEARCH_PATHS = (
					"$(inherited)",
					"@executable_path/Frameworks",
				);
				MARKETING_VERSION = 1.0;
				PRODUCT_BUNDLE_IDENTIFIER = "com.nishantminerva-gmail.com.BlinkIt-Assignmnet";
				PRODUCT_NAME = "$(TARGET_NAME)";
				SWIFT_EMIT_LOC_STRINGS = YES;
				SWIFT_VERSION = 5.0;
				TARGETED_DEVICE_FAMILY = "1,2";
			};
			name = Debug;
		};
		195388A62C64A0CD00DD58FB /* Release */ = {
			isa = XCBuildConfiguration;
			buildSettings = {
				ASSETCATALOG_COMPILER_APPICON_NAME = AppIcon;
				ASSETCATALOG_COMPILER_GLOBAL_ACCENT_COLOR_NAME = AccentColor;
				CODE_SIGN_STYLE = Automatic;
				CURRENT_PROJECT_VERSION = 1;
				DEVELOPMENT_ASSET_PATHS = "\"BlinkIt-Assignmnet/Preview Content\"";
				DEVELOPMENT_TEAM = YY38H52DZ8;
				ENABLE_PREVIEWS = YES;
				GENERATE_INFOPLIST_FILE = YES;
				INFOPLIST_KEY_UIApplicationSceneManifest_Generation = YES;
				INFOPLIST_KEY_UIApplicationSupportsIndirectInputEvents = YES;
				INFOPLIST_KEY_UILaunchScreen_Generation = YES;
				INFOPLIST_KEY_UISupportedInterfaceOrientations_iPad = "UIInterfaceOrientationPortrait UIInterfaceOrientationPortraitUpsideDown UIInterfaceOrientationLandscapeLeft UIInterfaceOrientationLandscapeRight";
				INFOPLIST_KEY_UISupportedInterfaceOrientations_iPhone = "UIInterfaceOrientationPortrait UIInterfaceOrientationLandscapeLeft UIInterfaceOrientationLandscapeRight";
				LD_RUNPATH_SEARCH_PATHS = (
					"$(inherited)",
					"@executable_path/Frameworks",
				);
				MARKETING_VERSION = 1.0;
				PRODUCT_BUNDLE_IDENTIFIER = "com.nishantminerva-gmail.com.BlinkIt-Assignmnet";
				PRODUCT_NAME = "$(TARGET_NAME)";
				SWIFT_EMIT_LOC_STRINGS = YES;
				SWIFT_VERSION = 5.0;
				TARGETED_DEVICE_FAMILY = "1,2";
			};
			name = Release;
		};
/* End XCBuildConfiguration section */

/* Begin XCConfigurationList section */
		195388912C64A0CC00DD58FB /* Build configuration list for PBXProject "BlinkIt-Assignmnet" */ = {
			isa = XCConfigurationList;
			buildConfigurations = (
				195388A22C64A0CD00DD58FB /* Debug */,
				195388A32C64A0CD00DD58FB /* Release */,
			);
			defaultConfigurationIsVisible = 0;
			defaultConfigurationName = Release;
		};
		195388A42C64A0CD00DD58FB /* Build configuration list for PBXNativeTarget "BlinkIt-Assignmnet" */ = {
			isa = XCConfigurationList;
			buildConfigurations = (
				195388A52C64A0CD00DD58FB /* Debug */,
				195388A62C64A0CD00DD58FB /* Release */,
			);
			defaultConfigurationIsVisible = 0;
			defaultConfigurationName = Release;
		};
/* End XCConfigurationList section */
	};
	rootObject = 1953888E2C64A0CC00DD58FB /* Project object */;
}
